// !$*UTF8*$!
{
	archiveVersion = 1;
	classes = {
	};
	objectVersion = 48;
	objects = {

/* Begin PBXBuildFile section */
		6C7704711FB8F00D00772C46 /* QuestionViewController.swift in Sources */ = {isa = PBXBuildFile; fileRef = 6C7704701FB8F00D00772C46 /* QuestionViewController.swift */; };
		6C7704751FB91E7500772C46 /* Theme.swift in Sources */ = {isa = PBXBuildFile; fileRef = 6C7704741FB91E7500772C46 /* Theme.swift */; };
		6C7704771FB91EAC00772C46 /* Question.swift in Sources */ = {isa = PBXBuildFile; fileRef = 6C7704761FB91EAC00772C46 /* Question.swift */; };
		6C7704791FB925D800772C46 /* AnswerViewController.swift in Sources */ = {isa = PBXBuildFile; fileRef = 6C7704781FB925D800772C46 /* AnswerViewController.swift */; };
		6C77047B1FB9305D00772C46 /* FinishedViewController.swift in Sources */ = {isa = PBXBuildFile; fileRef = 6C77047A1FB9305D00772C46 /* FinishedViewController.swift */; };
		6C77047D1FB95CF500772C46 /* processJSON.swift in Sources */ = {isa = PBXBuildFile; fileRef = 6C77047C1FB95CF500772C46 /* processJSON.swift */; };
		6C89D7F51FB0FA5C00374594 /* AppDelegate.swift in Sources */ = {isa = PBXBuildFile; fileRef = 6C89D7F41FB0FA5C00374594 /* AppDelegate.swift */; };
		6C89D7F71FB0FA5C00374594 /* ViewController.swift in Sources */ = {isa = PBXBuildFile; fileRef = 6C89D7F61FB0FA5C00374594 /* ViewController.swift */; };
		6C89D7FA1FB0FA5C00374594 /* Main.storyboard in Resources */ = {isa = PBXBuildFile; fileRef = 6C89D7F81FB0FA5C00374594 /* Main.storyboard */; };
		6C89D7FC1FB0FA5C00374594 /* Assets.xcassets in Resources */ = {isa = PBXBuildFile; fileRef = 6C89D7FB1FB0FA5C00374594 /* Assets.xcassets */; };
		6C89D7FF1FB0FA5C00374594 /* LaunchScreen.storyboard in Resources */ = {isa = PBXBuildFile; fileRef = 6C89D7FD1FB0FA5C00374594 /* LaunchScreen.storyboard */; };
		6C89D8091FB104F200374594 /* TableCellView.swift in Sources */ = {isa = PBXBuildFile; fileRef = 6C89D8081FB104F200374594 /* TableCellView.swift */; };
/* End PBXBuildFile section */

/* Begin PBXFileReference section */
		6C7704701FB8F00D00772C46 /* QuestionViewController.swift */ = {isa = PBXFileReference; lastKnownFileType = sourcecode.swift; path = QuestionViewController.swift; sourceTree = "<group>"; };
		6C7704741FB91E7500772C46 /* Theme.swift */ = {isa = PBXFileReference; lastKnownFileType = sourcecode.swift; path = Theme.swift; sourceTree = "<group>"; };
		6C7704761FB91EAC00772C46 /* Question.swift */ = {isa = PBXFileReference; lastKnownFileType = sourcecode.swift; path = Question.swift; sourceTree = "<group>"; };
		6C7704781FB925D800772C46 /* AnswerViewController.swift */ = {isa = PBXFileReference; lastKnownFileType = sourcecode.swift; path = AnswerViewController.swift; sourceTree = "<group>"; };
		6C77047A1FB9305D00772C46 /* FinishedViewController.swift */ = {isa = PBXFileReference; lastKnownFileType = sourcecode.swift; path = FinishedViewController.swift; sourceTree = "<group>"; };
		6C77047C1FB95CF500772C46 /* processJSON.swift */ = {isa = PBXFileReference; lastKnownFileType = sourcecode.swift; path = processJSON.swift; sourceTree = "<group>"; };
		6C89D7F11FB0FA5C00374594 /* iQuiz.app */ = {isa = PBXFileReference; explicitFileType = wrapper.application; includeInIndex = 0; path = iQuiz.app; sourceTree = BUILT_PRODUCTS_DIR; };
		6C89D7F41FB0FA5C00374594 /* AppDelegate.swift */ = {isa = PBXFileReference; lastKnownFileType = sourcecode.swift; path = AppDelegate.swift; sourceTree = "<group>"; };
		6C89D7F61FB0FA5C00374594 /* ViewController.swift */ = {isa = PBXFileReference; lastKnownFileType = sourcecode.swift; path = ViewController.swift; sourceTree = "<group>"; };
		6C89D7F91FB0FA5C00374594 /* Base */ = {isa = PBXFileReference; lastKnownFileType = file.storyboard; name = Base; path = Base.lproj/Main.storyboard; sourceTree = "<group>"; };
		6C89D7FB1FB0FA5C00374594 /* Assets.xcassets */ = {isa = PBXFileReference; lastKnownFileType = folder.assetcatalog; path = Assets.xcassets; sourceTree = "<group>"; };
		6C89D7FE1FB0FA5C00374594 /* Base */ = {isa = PBXFileReference; lastKnownFileType = file.storyboard; name = Base; path = Base.lproj/LaunchScreen.storyboard; sourceTree = "<group>"; };
		6C89D8001FB0FA5C00374594 /* Info.plist */ = {isa = PBXFileReference; lastKnownFileType = text.plist.xml; path = Info.plist; sourceTree = "<group>"; };
		6C89D8081FB104F200374594 /* TableCellView.swift */ = {isa = PBXFileReference; lastKnownFileType = sourcecode.swift; path = TableCellView.swift; sourceTree = "<group>"; };
/* End PBXFileReference section */

/* Begin PBXFrameworksBuildPhase section */
		6C89D7EE1FB0FA5C00374594 /* Frameworks */ = {
			isa = PBXFrameworksBuildPhase;
			buildActionMask = 2147483647;
			files = (
			);
			runOnlyForDeploymentPostprocessing = 0;
		};
/* End PBXFrameworksBuildPhase section */

/* Begin PBXGroup section */
		6C89D7E81FB0FA5C00374594 = {
			isa = PBXGroup;
			children = (
				6C89D7F31FB0FA5C00374594 /* iQuiz */,
				6C89D7F21FB0FA5C00374594 /* Products */,
			);
			sourceTree = "<group>";
		};
		6C89D7F21FB0FA5C00374594 /* Products */ = {
			isa = PBXGroup;
			children = (
				6C89D7F11FB0FA5C00374594 /* iQuiz.app */,
			);
			name = Products;
			sourceTree = "<group>";
		};
		6C89D7F31FB0FA5C00374594 /* iQuiz */ = {
			isa = PBXGroup;
			children = (
				6C89D7F41FB0FA5C00374594 /* AppDelegate.swift */,
				6C7704701FB8F00D00772C46 /* QuestionViewController.swift */,
				6C7704781FB925D800772C46 /* AnswerViewController.swift */,
				6C77047A1FB9305D00772C46 /* FinishedViewController.swift */,
				6C89D7F61FB0FA5C00374594 /* ViewController.swift */,
				6C89D8081FB104F200374594 /* TableCellView.swift */,
				6C7704741FB91E7500772C46 /* Theme.swift */,
				6C7704761FB91EAC00772C46 /* Question.swift */,
				6C77047C1FB95CF500772C46 /* processJSON.swift */,
				6C89D7F81FB0FA5C00374594 /* Main.storyboard */,
				6C89D7FB1FB0FA5C00374594 /* Assets.xcassets */,
				6C89D7FD1FB0FA5C00374594 /* LaunchScreen.storyboard */,
				6C89D8001FB0FA5C00374594 /* Info.plist */,
			);
			path = iQuiz;
			sourceTree = "<group>";
		};
/* End PBXGroup section */

/* Begin PBXNativeTarget section */
		6C89D7F01FB0FA5C00374594 /* iQuiz */ = {
			isa = PBXNativeTarget;
			buildConfigurationList = 6C89D8031FB0FA5C00374594 /* Build configuration list for PBXNativeTarget "iQuiz" */;
			buildPhases = (
				6C89D7ED1FB0FA5C00374594 /* Sources */,
				6C89D7EE1FB0FA5C00374594 /* Frameworks */,
				6C89D7EF1FB0FA5C00374594 /* Resources */,
			);
			buildRules = (
			);
			dependencies = (
			);
			name = iQuiz;
			productName = iQuiz;
			productReference = 6C89D7F11FB0FA5C00374594 /* iQuiz.app */;
			productType = "com.apple.product-type.application";
		};
/* End PBXNativeTarget section */

/* Begin PBXProject section */
		6C89D7E91FB0FA5C00374594 /* Project object */ = {
			isa = PBXProject;
			attributes = {
				LastSwiftUpdateCheck = 0910;
				LastUpgradeCheck = 0910;
				ORGANIZATIONNAME = appcat;
				TargetAttributes = {
					6C89D7F01FB0FA5C00374594 = {
						CreatedOnToolsVersion = 9.1;
						ProvisioningStyle = Automatic;
					};
				};
			};
			buildConfigurationList = 6C89D7EC1FB0FA5C00374594 /* Build configuration list for PBXProject "iQuiz" */;
			compatibilityVersion = "Xcode 8.0";
			developmentRegion = en;
			hasScannedForEncodings = 0;
			knownRegions = (
				en,
				Base,
			);
			mainGroup = 6C89D7E81FB0FA5C00374594;
			productRefGroup = 6C89D7F21FB0FA5C00374594 /* Products */;
			projectDirPath = "";
			projectRoot = "";
			targets = (
				6C89D7F01FB0FA5C00374594 /* iQuiz */,
			);
		};
/* End PBXProject section */

/* Begin PBXResourcesBuildPhase section */
		6C89D7EF1FB0FA5C00374594 /* Resources */ = {
			isa = PBXResourcesBuildPhase;
			buildActionMask = 2147483647;
			files = (
				6C89D7FF1FB0FA5C00374594 /* LaunchScreen.storyboard in Resources */,
				6C89D7FC1FB0FA5C00374594 /* Assets.xcassets in Resources */,
				6C89D7FA1FB0FA5C00374594 /* Main.storyboard in Resources */,
			);
			runOnlyForDeploymentPostprocessing = 0;
		};
/* End PBXResourcesBuildPhase section */

/* Begin PBXSourcesBuildPhase section */
		6C89D7ED1FB0FA5C00374594 /* Sources */ = {
			isa = PBXSourcesBuildPhase;
			buildActionMask = 2147483647;
			files = (
				6C77047B1FB9305D00772C46 /* FinishedViewController.swift in Sources */,
				6C89D8091FB104F200374594 /* TableCellView.swift in Sources */,
				6C7704791FB925D800772C46 /* AnswerViewController.swift in Sources */,
				6C89D7F71FB0FA5C00374594 /* ViewController.swift in Sources */,
				6C7704751FB91E7500772C46 /* Theme.swift in Sources */,
				6C7704771FB91EAC00772C46 /* Question.swift in Sources */,
				6C7704711FB8F00D00772C46 /* QuestionViewController.swift in Sources */,
				6C89D7F51FB0FA5C00374594 /* AppDelegate.swift in Sources */,
				6C77047D1FB95CF500772C46 /* processJSON.swift in Sources */,
			);
			runOnlyForDeploymentPostprocessing = 0;
		};
/* End PBXSourcesBuildPhase section */

/* Begin PBXVariantGroup section */
		6C89D7F81FB0FA5C00374594 /* Main.storyboard */ = {
			isa = PBXVariantGroup;
			children = (
				6C89D7F91FB0FA5C00374594 /* Base */,
			);
			name = Main.storyboard;
			sourceTree = "<group>";
		};
		6C89D7FD1FB0FA5C00374594 /* LaunchScreen.storyboard */ = {
			isa = PBXVariantGroup;
			children = (
				6C89D7FE1FB0FA5C00374594 /* Base */,
			);
			name = LaunchScreen.storyboard;
			sourceTree = "<group>";
		};
/* End PBXVariantGroup section */

/* Begin XCBuildConfiguration section */
		6C89D8011FB0FA5C00374594 /* Debug */ = {
			isa = XCBuildConfiguration;
			buildSettings = {
				ALWAYS_SEARCH_USER_PATHS = NO;
				CLANG_ANALYZER_NONNULL = YES;
				CLANG_ANALYZER_NUMBER_OBJECT_CONVERSION = YES_AGGRESSIVE;
				CLANG_CXX_LANGUAGE_STANDARD = "gnu++14";
				CLANG_CXX_LIBRARY = "libc++";
				CLANG_ENABLE_MODULES = YES;
				CLANG_ENABLE_OBJC_ARC = YES;
				CLANG_WARN_BLOCK_CAPTURE_AUTORELEASING = YES;
				CLANG_WARN_BOOL_CONVERSION = YES;
				CLANG_WARN_COMMA = YES;
				CLANG_WARN_CONSTANT_CONVERSION = YES;
				CLANG_WARN_DIRECT_OBJC_ISA_USAGE = YES_ERROR;
				CLANG_WARN_DOCUMENTATION_COMMENTS = YES;
				CLANG_WARN_EMPTY_BODY = YES;
				CLANG_WARN_ENUM_CONVERSION = YES;
				CLANG_WARN_INFINITE_RECURSION = YES;
				CLANG_WARN_INT_CONVERSION = YES;
				CLANG_WARN_NON_LITERAL_NULL_CONVERSION = YES;
				CLANG_WARN_OBJC_LITERAL_CONVERSION = YES;
				CLANG_WARN_OBJC_ROOT_CLASS = YES_ERROR;
				CLANG_WARN_RANGE_LOOP_ANALYSIS = YES;
				CLANG_WARN_STRICT_PROTOTYPES = YES;
				CLANG_WARN_SUSPICIOUS_MOVE = YES;
				CLANG_WARN_UNGUARDED_AVAILABILITY = YES_AGGRESSIVE;
				CLANG_WARN_UNREACHABLE_CODE = YES;
				CLANG_WARN__DUPLICATE_METHOD_MATCH = YES;
				CODE_SIGN_IDENTITY = "iPhone Developer";
				COPY_PHASE_STRIP = NO;
				DEBUG_INFORMATION_FORMAT = dwarf;
				ENABLE_STRICT_OBJC_MSGSEND = YES;
				ENABLE_TESTABILITY = YES;
				GCC_C_LANGUAGE_STANDARD = gnu11;
				GCC_DYNAMIC_NO_PIC = NO;
				GCC_NO_COMMON_BLOCKS = YES;
				GCC_OPTIMIZATION_LEVEL = 0;
				GCC_PREPROCESSOR_DEFINITIONS = (
					"DEBUG=1",
					"$(inherited)",
				);
				GCC_WARN_64_TO_32_BIT_CONVERSION = YES;
				GCC_WARN_ABOUT_RETURN_TYPE = YES_ERROR;
				GCC_WARN_UNDECLARED_SELECTOR = YES;
				GCC_WARN_UNINITIALIZED_AUTOS = YES_AGGRESSIVE;
				GCC_WARN_UNUSED_FUNCTION = YES;
				GCC_WARN_UNUSED_VARIABLE = YES;
				IPHONEOS_DEPLOYMENT_TARGET = 11.1;
				MTL_ENABLE_DEBUG_INFO = YES;
				ONLY_ACTIVE_ARCH = YES;
				SDKROOT = iphoneos;
				SWIFT_ACTIVE_COMPILATION_CONDITIONS = DEBUG;
				SWIFT_OPTIMIZATION_LEVEL = "-Onone";
			};
			name = Debug;
		};
		6C89D8021FB0FA5C00374594 /* Release */ = {
			isa = XCBuildConfiguration;
			buildSettings = {
				ALWAYS_SEARCH_USER_PATHS = NO;
				CLANG_ANALYZER_NONNULL = YES;
				CLANG_ANALYZER_NUMBER_OBJECT_CONVERSION = YES_AGGRESSIVE;
				CLANG_CXX_LANGUAGE_STANDARD = "gnu++14";
				CLANG_CXX_LIBRARY = "libc++";
				CLANG_ENABLE_MODULES = YES;
				CLANG_ENABLE_OBJC_ARC = YES;
				CLANG_WARN_BLOCK_CAPTURE_AUTORELEASING = YES;
				CLANG_WARN_BOOL_CONVERSION = YES;
				CLANG_WARN_COMMA = YES;
				CLANG_WARN_CONSTANT_CONVERSION = YES;
				CLANG_WARN_DIRECT_OBJC_ISA_USAGE = YES_ERROR;
				CLANG_WARN_DOCUMENTATION_COMMENTS = YES;
				CLANG_WARN_EMPTY_BODY = YES;
				CLANG_WARN_ENUM_CONVERSION = YES;
				CLANG_WARN_INFINITE_RECURSION = YES;
				CLANG_WARN_INT_CONVERSION = YES;
				CLANG_WARN_NON_LITERAL_NULL_CONVERSION = YES;
				CLANG_WARN_OBJC_LITERAL_CONVERSION = YES;
				CLANG_WARN_OBJC_ROOT_CLASS = YES_ERROR;
				CLANG_WARN_RANGE_LOOP_ANALYSIS = YES;
				CLANG_WARN_STRICT_PROTOTYPES = YES;
				CLANG_WARN_SUSPICIOUS_MOVE = YES;
				CLANG_WARN_UNGUARDED_AVAILABILITY = YES_AGGRESSIVE;
				CLANG_WARN_UNREACHABLE_CODE = YES;
				CLANG_WARN__DUPLICATE_METHOD_MATCH = YES;
				CODE_SIGN_IDENTITY = "iPhone Developer";
				COPY_PHASE_STRIP = NO;
				DEBUG_INFORMATION_FORMAT = "dwarf-with-dsym";
				ENABLE_NS_ASSERTIONS = NO;
				ENABLE_STRICT_OBJC_MSGSEND = YES;
				GCC_C_LANGUAGE_STANDARD = gnu11;
				GCC_NO_COMMON_BLOCKS = YES;
				GCC_WARN_64_TO_32_BIT_CONVERSION = YES;
				GCC_WARN_ABOUT_RETURN_TYPE = YES_ERROR;
				GCC_WARN_UNDECLARED_SELECTOR = YES;
				GCC_WARN_UNINITIALIZED_AUTOS = YES_AGGRESSIVE;
				GCC_WARN_UNUSED_FUNCTION = YES;
				GCC_WARN_UNUSED_VARIABLE = YES;
				IPHONEOS_DEPLOYMENT_TARGET = 11.1;
				MTL_ENABLE_DEBUG_INFO = NO;
				SDKROOT = iphoneos;
				SWIFT_OPTIMIZATION_LEVEL = "-Owholemodule";
				VALIDATE_PRODUCT = YES;
			};
			name = Release;
		};
		6C89D8041FB0FA5C00374594 /* Debug */ = {
			isa = XCBuildConfiguration;
			buildSettings = {
				ASSETCATALOG_COMPILER_APPICON_NAME = AppIcon;
				CODE_SIGN_STYLE = Automatic;
				DEVELOPMENT_TEAM = G7LBJES386;
				INFOPLIST_FILE = iQuiz/Info.plist;
				LD_RUNPATH_SEARCH_PATHS = "$(inherited) @executable_path/Frameworks";
				PRODUCT_BUNDLE_IDENTIFIER = edu.uw.ischool.iQuiz.iQuiz;
				PRODUCT_NAME = "$(TARGET_NAME)";
				SWIFT_VERSION = 4.0;
				TARGETED_DEVICE_FAMILY = "1,2";
			};
			name = Debug;
		};
		6C89D8051FB0FA5C00374594 /* Release */ = {
			isa = XCBuildConfiguration;
			buildSettings = {
				ASSETCATALOG_COMPILER_APPICON_NAME = AppIcon;
				CODE_SIGN_STYLE = Automatic;
				DEVELOPMENT_TEAM = G7LBJES386;
				INFOPLIST_FILE = iQuiz/Info.plist;
				LD_RUNPATH_SEARCH_PATHS = "$(inherited) @executable_path/Frameworks";
				PRODUCT_BUNDLE_IDENTIFIER = edu.uw.ischool.iQuiz.iQuiz;
				PRODUCT_NAME = "$(TARGET_NAME)";
				SWIFT_VERSION = 4.0;
				TARGETED_DEVICE_FAMILY = "1,2";
			};
			name = Release;
		};
/* End XCBuildConfiguration section */

/* Begin XCConfigurationList section */
		6C89D7EC1FB0FA5C00374594 /* Build configuration list for PBXProject "iQuiz" */ = {
			isa = XCConfigurationList;
			buildConfigurations = (
				6C89D8011FB0FA5C00374594 /* Debug */,
				6C89D8021FB0FA5C00374594 /* Release */,
			);
			defaultConfigurationIsVisible = 0;
			defaultConfigurationName = Release;
		};
		6C89D8031FB0FA5C00374594 /* Build configuration list for PBXNativeTarget "iQuiz" */ = {
			isa = XCConfigurationList;
			buildConfigurations = (
				6C89D8041FB0FA5C00374594 /* Debug */,
				6C89D8051FB0FA5C00374594 /* Release */,
			);
			defaultConfigurationIsVisible = 0;
			defaultConfigurationName = Release;
		};
/* End XCConfigurationList section */
	};
	rootObject = 6C89D7E91FB0FA5C00374594 /* Project object */;
}
